// !$*UTF8*$!
{
	archiveVersion = 1;
	classes = {
	};
	objectVersion = 46;
	objects = {

/* Begin PBXBuildFile section */
		842F3D241FDC0E5F005FCFA8 /* main.m in Sources */ = {isa = PBXBuildFile; fileRef = 842F3D231FDC0E5F005FCFA8 /* main.m */; };
		842F3D271FDC0E5F005FCFA8 /* AppDelegate.m in Sources */ = {isa = PBXBuildFile; fileRef = 842F3D261FDC0E5F005FCFA8 /* AppDelegate.m */; };
		842F3D2D1FDC0E5F005FCFA8 /* Main.storyboard in Resources */ = {isa = PBXBuildFile; fileRef = 842F3D2B1FDC0E5F005FCFA8 /* Main.storyboard */; };
		842F3D2F1FDC0E5F005FCFA8 /* Assets.xcassets in Resources */ = {isa = PBXBuildFile; fileRef = 842F3D2E1FDC0E5F005FCFA8 /* Assets.xcassets */; };
		842F3D321FDC0E5F005FCFA8 /* LaunchScreen.storyboard in Resources */ = {isa = PBXBuildFile; fileRef = 842F3D301FDC0E5F005FCFA8 /* LaunchScreen.storyboard */; };
		842F3D3C1FDC0E94005FCFA8 /* HomeViewController.m in Sources */ = {isa = PBXBuildFile; fileRef = 842F3D3A1FDC0E94005FCFA8 /* HomeViewController.m */; };
		842F3D3D1FDC0E94005FCFA8 /* HomeViewController.xib in Resources */ = {isa = PBXBuildFile; fileRef = 842F3D3B1FDC0E94005FCFA8 /* HomeViewController.xib */; };
		842F3D411FDC1450005FCFA8 /* HomeTableViewCell.m in Sources */ = {isa = PBXBuildFile; fileRef = 842F3D3F1FDC1450005FCFA8 /* HomeTableViewCell.m */; };
		842F3D421FDC1450005FCFA8 /* HomeTableViewCell.xib in Resources */ = {isa = PBXBuildFile; fileRef = 842F3D401FDC1450005FCFA8 /* HomeTableViewCell.xib */; };
		842F3D481FDC15CF005FCFA8 /* HeaderView.m in Sources */ = {isa = PBXBuildFile; fileRef = 842F3D471FDC15CF005FCFA8 /* HeaderView.m */; };
		842F3D4A1FDC15DD005FCFA8 /* HeaderView.xib in Resources */ = {isa = PBXBuildFile; fileRef = 842F3D491FDC15DD005FCFA8 /* HeaderView.xib */; };
/* End PBXBuildFile section */

/* Begin PBXFileReference section */
		842F3D1F1FDC0E5F005FCFA8 /* NewTableView.app */ = {isa = PBXFileReference; explicitFileType = wrapper.application; includeInIndex = 0; path = NewTableView.app; sourceTree = BUILT_PRODUCTS_DIR; };
		842F3D231FDC0E5F005FCFA8 /* main.m */ = {isa = PBXFileReference; lastKnownFileType = sourcecode.c.objc; path = main.m; sourceTree = "<group>"; };
		842F3D251FDC0E5F005FCFA8 /* AppDelegate.h */ = {isa = PBXFileReference; lastKnownFileType = sourcecode.c.h; path = AppDelegate.h; sourceTree = "<group>"; };
		842F3D261FDC0E5F005FCFA8 /* AppDelegate.m */ = {isa = PBXFileReference; lastKnownFileType = sourcecode.c.objc; path = AppDelegate.m; sourceTree = "<group>"; };
		842F3D2C1FDC0E5F005FCFA8 /* Base */ = {isa = PBXFileReference; lastKnownFileType = file.storyboard; name = Base; path = Base.lproj/Main.storyboard; sourceTree = "<group>"; };
		842F3D2E1FDC0E5F005FCFA8 /* Assets.xcassets */ = {isa = PBXFileReference; lastKnownFileType = folder.assetcatalog; path = Assets.xcassets; sourceTree = "<group>"; };
		842F3D311FDC0E5F005FCFA8 /* Base */ = {isa = PBXFileReference; lastKnownFileType = file.storyboard; name = Base; path = Base.lproj/LaunchScreen.storyboard; sourceTree = "<group>"; };
		842F3D331FDC0E5F005FCFA8 /* Info.plist */ = {isa = PBXFileReference; lastKnownFileType = text.plist.xml; path = Info.plist; sourceTree = "<group>"; };
		842F3D391FDC0E94005FCFA8 /* HomeViewController.h */ = {isa = PBXFileReference; fileEncoding = 4; lastKnownFileType = sourcecode.c.h; path = HomeViewController.h; sourceTree = "<group>"; };
		842F3D3A1FDC0E94005FCFA8 /* HomeViewController.m */ = {isa = PBXFileReference; fileEncoding = 4; lastKnownFileType = sourcecode.c.objc; path = HomeViewController.m; sourceTree = "<group>"; };
		842F3D3B1FDC0E94005FCFA8 /* HomeViewController.xib */ = {isa = PBXFileReference; fileEncoding = 4; lastKnownFileType = file.xib; path = HomeViewController.xib; sourceTree = "<group>"; };
		842F3D3E1FDC1450005FCFA8 /* HomeTableViewCell.h */ = {isa = PBXFileReference; fileEncoding = 4; lastKnownFileType = sourcecode.c.h; path = HomeTableViewCell.h; sourceTree = "<group>"; };
		842F3D3F1FDC1450005FCFA8 /* HomeTableViewCell.m */ = {isa = PBXFileReference; fileEncoding = 4; lastKnownFileType = sourcecode.c.objc; path = HomeTableViewCell.m; sourceTree = "<group>"; };
		842F3D401FDC1450005FCFA8 /* HomeTableViewCell.xib */ = {isa = PBXFileReference; fileEncoding = 4; lastKnownFileType = file.xib; path = HomeTableViewCell.xib; sourceTree = "<group>"; };
		842F3D461FDC15CF005FCFA8 /* HeaderView.h */ = {isa = PBXFileReference; fileEncoding = 4; lastKnownFileType = sourcecode.c.h; path = HeaderView.h; sourceTree = "<group>"; };
		842F3D471FDC15CF005FCFA8 /* HeaderView.m */ = {isa = PBXFileReference; fileEncoding = 4; lastKnownFileType = sourcecode.c.objc; path = HeaderView.m; sourceTree = "<group>"; };
		842F3D491FDC15DD005FCFA8 /* HeaderView.xib */ = {isa = PBXFileReference; fileEncoding = 4; lastKnownFileType = file.xib; path = HeaderView.xib; sourceTree = "<group>"; };
/* End PBXFileReference section */

/* Begin PBXFrameworksBuildPhase section */
		842F3D1C1FDC0E5F005FCFA8 /* Frameworks */ = {
			isa = PBXFrameworksBuildPhase;
			buildActionMask = 2147483647;
			files = (
			);
			runOnlyForDeploymentPostprocessing = 0;
		};
/* End PBXFrameworksBuildPhase section */

/* Begin PBXGroup section */
		842F3D161FDC0E5F005FCFA8 = {
			isa = PBXGroup;
			children = (
				842F3D211FDC0E5F005FCFA8 /* NewTableView */,
				842F3D201FDC0E5F005FCFA8 /* Products */,
			);
			sourceTree = "<group>";
		};
		842F3D201FDC0E5F005FCFA8 /* Products */ = {
			isa = PBXGroup;
			children = (
				842F3D1F1FDC0E5F005FCFA8 /* NewTableView.app */,
			);
			name = Products;
			sourceTree = "<group>";
		};
		842F3D211FDC0E5F005FCFA8 /* NewTableView */ = {
			isa = PBXGroup;
			children = (
				842F3D251FDC0E5F005FCFA8 /* AppDelegate.h */,
				842F3D261FDC0E5F005FCFA8 /* AppDelegate.m */,
				842F3D2B1FDC0E5F005FCFA8 /* Main.storyboard */,
				842F3D2E1FDC0E5F005FCFA8 /* Assets.xcassets */,
				842F3D301FDC0E5F005FCFA8 /* LaunchScreen.storyboard */,
				842F3D331FDC0E5F005FCFA8 /* Info.plist */,
				842F3D221FDC0E5F005FCFA8 /* Supporting Files */,
				842F3D391FDC0E94005FCFA8 /* HomeViewController.h */,
				842F3D3A1FDC0E94005FCFA8 /* HomeViewController.m */,
				842F3D3B1FDC0E94005FCFA8 /* HomeViewController.xib */,
				842F3D3E1FDC1450005FCFA8 /* HomeTableViewCell.h */,
				842F3D3F1FDC1450005FCFA8 /* HomeTableViewCell.m */,
				842F3D401FDC1450005FCFA8 /* HomeTableViewCell.xib */,
				842F3D461FDC15CF005FCFA8 /* HeaderView.h */,
				842F3D471FDC15CF005FCFA8 /* HeaderView.m */,
				842F3D491FDC15DD005FCFA8 /* HeaderView.xib */,
			);
			path = NewTableView;
			sourceTree = "<group>";
		};
		842F3D221FDC0E5F005FCFA8 /* Supporting Files */ = {
			isa = PBXGroup;
			children = (
				842F3D231FDC0E5F005FCFA8 /* main.m */,
			);
			name = "Supporting Files";
			sourceTree = "<group>";
		};
/* End PBXGroup section */

/* Begin PBXNativeTarget section */
		842F3D1E1FDC0E5F005FCFA8 /* NewTableView */ = {
			isa = PBXNativeTarget;
			buildConfigurationList = 842F3D361FDC0E5F005FCFA8 /* Build configuration list for PBXNativeTarget "NewTableView" */;
			buildPhases = (
				842F3D1B1FDC0E5F005FCFA8 /* Sources */,
				842F3D1C1FDC0E5F005FCFA8 /* Frameworks */,
				842F3D1D1FDC0E5F005FCFA8 /* Resources */,
			);
			buildRules = (
			);
			dependencies = (
			);
			name = NewTableView;
			productName = NewTableView;
			productReference = 842F3D1F1FDC0E5F005FCFA8 /* NewTableView.app */;
			productType = "com.apple.product-type.application";
		};
/* End PBXNativeTarget section */

/* Begin PBXProject section */
		842F3D171FDC0E5F005FCFA8 /* Project object */ = {
			isa = PBXProject;
			attributes = {
				LastUpgradeCheck = 0800;
				ORGANIZATIONNAME = TNKHANH;
				TargetAttributes = {
					842F3D1E1FDC0E5F005FCFA8 = {
						CreatedOnToolsVersion = 8.0;
						ProvisioningStyle = Automatic;
					};
				};
			};
			buildConfigurationList = 842F3D1A1FDC0E5F005FCFA8 /* Build configuration list for PBXProject "NewTableView" */;
			compatibilityVersion = "Xcode 3.2";
			developmentRegion = English;
			hasScannedForEncodings = 0;
			knownRegions = (
				en,
				Base,
			);
			mainGroup = 842F3D161FDC0E5F005FCFA8;
			productRefGroup = 842F3D201FDC0E5F005FCFA8 /* Products */;
			projectDirPath = "";
			projectRoot = "";
			targets = (
				842F3D1E1FDC0E5F005FCFA8 /* NewTableView */,
			);
		};
/* End PBXProject section */

/* Begin PBXResourcesBuildPhase section */
		842F3D1D1FDC0E5F005FCFA8 /* Resources */ = {
			isa = PBXResourcesBuildPhase;
			buildActionMask = 2147483647;
			files = (
				842F3D321FDC0E5F005FCFA8 /* LaunchScreen.storyboard in Resources */,
				842F3D2F1FDC0E5F005FCFA8 /* Assets.xcassets in Resources */,
				842F3D2D1FDC0E5F005FCFA8 /* Main.storyboard in Resources */,
				842F3D4A1FDC15DD005FCFA8 /* HeaderView.xib in Resources */,
				842F3D421FDC1450005FCFA8 /* HomeTableViewCell.xib in Resources */,
				842F3D3D1FDC0E94005FCFA8 /* HomeViewController.xib in Resources */,
			);
			runOnlyForDeploymentPostprocessing = 0;
		};
/* End PBXResourcesBuildPhase section */

/* Begin PBXSourcesBuildPhase section */
		842F3D1B1FDC0E5F005FCFA8 /* Sources */ = {
			isa = PBXSourcesBuildPhase;
			buildActionMask = 2147483647;
			files = (
				842F3D271FDC0E5F005FCFA8 /* AppDelegate.m in Sources */,
				842F3D481FDC15CF005FCFA8 /* HeaderView.m in Sources */,
				842F3D241FDC0E5F005FCFA8 /* main.m in Sources */,
				842F3D411FDC1450005FCFA8 /* HomeTableViewCell.m in Sources */,
				842F3D3C1FDC0E94005FCFA8 /* HomeViewController.m in Sources */,
			);
			runOnlyForDeploymentPostprocessing = 0;
		};
/* End PBXSourcesBuildPhase section */

/* Begin PBXVariantGroup section */
		842F3D2B1FDC0E5F005FCFA8 /* Main.storyboard */ = {
			isa = PBXVariantGroup;
			children = (
				842F3D2C1FDC0E5F005FCFA8 /* Base */,
			);
			name = Main.storyboard;
			sourceTree = "<group>";
		};
		842F3D301FDC0E5F005FCFA8 /* LaunchScreen.storyboard */ = {
			isa = PBXVariantGroup;
			children = (
				842F3D311FDC0E5F005FCFA8 /* Base */,
			);
			name = LaunchScreen.storyboard;
			sourceTree = "<group>";
		};
/* End PBXVariantGroup section */

/* Begin XCBuildConfiguration section */
		842F3D341FDC0E5F005FCFA8 /* Debug */ = {
			isa = XCBuildConfiguration;
			buildSettings = {
				ALWAYS_SEARCH_USER_PATHS = NO;
				CLANG_ANALYZER_NONNULL = YES;
				CLANG_CXX_LANGUAGE_STANDARD = "gnu++0x";
				CLANG_CXX_LIBRARY = "libc++";
				CLANG_ENABLE_MODULES = YES;
				CLANG_ENABLE_OBJC_ARC = YES;
				CLANG_WARN_BOOL_CONVERSION = YES;
				CLANG_WARN_CONSTANT_CONVERSION = YES;
				CLANG_WARN_DIRECT_OBJC_ISA_USAGE = YES_ERROR;
				CLANG_WARN_DOCUMENTATION_COMMENTS = YES;
				CLANG_WARN_EMPTY_BODY = YES;
				CLANG_WARN_ENUM_CONVERSION = YES;
				CLANG_WARN_INFINITE_RECURSION = YES;
				CLANG_WARN_INT_CONVERSION = YES;
				CLANG_WARN_OBJC_ROOT_CLASS = YES_ERROR;
				CLANG_WARN_SUSPICIOUS_MOVES = YES;
				CLANG_WARN_UNREACHABLE_CODE = YES;
				CLANG_WARN__DUPLICATE_METHOD_MATCH = YES;
				"CODE_SIGN_IDENTITY[sdk=iphoneos*]" = "iPhone Developer";
				COPY_PHASE_STRIP = NO;
				DEBUG_INFORMATION_FORMAT = dwarf;
				ENABLE_STRICT_OBJC_MSGSEND = YES;
				ENABLE_TESTABILITY = YES;
				GCC_C_LANGUAGE_STANDARD = gnu99;
				GCC_DYNAMIC_NO_PIC = NO;
				GCC_NO_COMMON_BLOCKS = YES;
				GCC_OPTIMIZATION_LEVEL = 0;
				GCC_PREPROCESSOR_DEFINITIONS = (
					"DEBUG=1",
					"$(inherited)",
				);
				GCC_WARN_64_TO_32_BIT_CONVERSION = YES;
				GCC_WARN_ABOUT_RETURN_TYPE = YES_ERROR;
				GCC_WARN_UNDECLARED_SELECTOR = YES;
				GCC_WARN_UNINITIALIZED_AUTOS = YES_AGGRESSIVE;
				GCC_WARN_UNUSED_FUNCTION = YES;
				GCC_WARN_UNUSED_VARIABLE = YES;
				IPHONEOS_DEPLOYMENT_TARGET = 10.0;
				MTL_ENABLE_DEBUG_INFO = YES;
				ONLY_ACTIVE_ARCH = YES;
				SDKROOT = iphoneos;
			};
			name = Debug;
		};
		842F3D351FDC0E5F005FCFA8 /* Release */ = {
			isa = XCBuildConfiguration;
			buildSettings = {
				ALWAYS_SEARCH_USER_PATHS = NO;
				CLANG_ANALYZER_NONNULL = YES;
				CLANG_CXX_LANGUAGE_STANDARD = "gnu++0x";
				CLANG_CXX_LIBRARY = "libc++";
				CLANG_ENABLE_MODULES = YES;
				CLANG_ENABLE_OBJC_ARC = YES;
				CLANG_WARN_BOOL_CONVERSION = YES;
				CLANG_WARN_CONSTANT_CONVERSION = YES;
				CLANG_WARN_DIRECT_OBJC_ISA_USAGE = YES_ERROR;
				CLANG_WARN_DOCUMENTATION_COMMENTS = YES;
				CLANG_WARN_EMPTY_BODY = YES;
				CLANG_WARN_ENUM_CONVERSION = YES;
				CLANG_WARN_INFINITE_RECURSION = YES;
				CLANG_WARN_INT_CONVERSION = YES;
				CLANG_WARN_OBJC_ROOT_CLASS = YES_ERROR;
				CLANG_WARN_SUSPICIOUS_MOVES = YES;
				CLANG_WARN_UNREACHABLE_CODE = YES;
				CLANG_WARN__DUPLICATE_METHOD_MATCH = YES;
				"CODE_SIGN_IDENTITY[sdk=iphoneos*]" = "iPhone Developer";
				COPY_PHASE_STRIP = NO;
				DEBUG_INFORMATION_FORMAT = "dwarf-with-dsym";
				ENABLE_NS_ASSERTIONS = NO;
				ENABLE_STRICT_OBJC_MSGSEND = YES;
				GCC_C_LANGUAGE_STANDARD = gnu99;
				GCC_NO_COMMON_BLOCKS = YES;
				GCC_WARN_64_TO_32_BIT_CONVERSION = YES;
				GCC_WARN_ABOUT_RETURN_TYPE = YES_ERROR;
				GCC_WARN_UNDECLARED_SELECTOR = YES;
				GCC_WARN_UNINITIALIZED_AUTOS = YES_AGGRESSIVE;
				GCC_WARN_UNUSED_FUNCTION = YES;
				GCC_WARN_UNUSED_VARIABLE = YES;
				IPHONEOS_DEPLOYMENT_TARGET = 10.0;
				MTL_ENABLE_DEBUG_INFO = NO;
				SDKROOT = iphoneos;
				VALIDATE_PRODUCT = YES;
			};
			name = Release;
		};
		842F3D371FDC0E5F005FCFA8 /* Debug */ = {
			isa = XCBuildConfiguration;
			buildSettings = {
				ASSETCATALOG_COMPILER_APPICON_NAME = AppIcon;
				INFOPLIST_FILE = NewTableView/Info.plist;
				LD_RUNPATH_SEARCH_PATHS = "$(inherited) @executable_path/Frameworks";
				PRODUCT_BUNDLE_IDENTIFIER = t3h.vn.NewTableView;
				PRODUCT_NAME = "$(TARGET_NAME)";
			};
			name = Debug;
		};
		842F3D381FDC0E5F005FCFA8 /* Release */ = {
			isa = XCBuildConfiguration;
			buildSettings = {
				ASSETCATALOG_COMPILER_APPICON_NAME = AppIcon;
				INFOPLIST_FILE = NewTableView/Info.plist;
				LD_RUNPATH_SEARCH_PATHS = "$(inherited) @executable_path/Frameworks";
				PRODUCT_BUNDLE_IDENTIFIER = t3h.vn.NewTableView;
				PRODUCT_NAME = "$(TARGET_NAME)";
			};
			name = Release;
		};
/* End XCBuildConfiguration section */

/* Begin XCConfigurationList section */
		842F3D1A1FDC0E5F005FCFA8 /* Build configuration list for PBXProject "NewTableView" */ = {
			isa = XCConfigurationList;
			buildConfigurations = (
				842F3D341FDC0E5F005FCFA8 /* Debug */,
				842F3D351FDC0E5F005FCFA8 /* Release */,
			);
			defaultConfigurationIsVisible = 0;
			defaultConfigurationName = Release;
		};
		842F3D361FDC0E5F005FCFA8 /* Build configuration list for PBXNativeTarget "NewTableView" */ = {
			isa = XCConfigurationList;
			buildConfigurations = (
				842F3D371FDC0E5F005FCFA8 /* Debug */,
				842F3D381FDC0E5F005FCFA8 /* Release */,
			);
			defaultConfigurationIsVisible = 0;
		};
/* End XCConfigurationList section */
	};
	rootObject = 842F3D171FDC0E5F005FCFA8 /* Project object */;
}
